
Microsoft Visual Studio Solution File, Format Version 12.00
# Visual Studio Version 16
VisualStudioVersion = 16.0.31105.61
MinimumVisualStudioVersion = 10.0.40219.1
Project("{FAE04EC0-301F-11D3-BF4B-00C04F79EFBC}") = "papoLab1", "papoLab1\papoLab1.csproj", "{ECD7D3DC-D6C7-43A2-BEC5-80EED06EC608}"
EndProject
Global
	GlobalSection(SolutionConfigurationPlatforms) = preSolution
		Debug|Any CPU = Debug|Any CPU
		Release|Any CPU = Release|Any CPU
	EndGlobalSection
	GlobalSection(ProjectConfigurationPlatforms) = postSolution
		{ECD7D3DC-D6C7-43A2-BEC5-80EED06EC608}.Debug|Any CPU.ActiveCfg = Debug|Any CPU
		{ECD7D3DC-D6C7-43A2-BEC5-80EED06EC608}.Debug|Any CPU.Build.0 = Debug|Any CPU
		{ECD7D3DC-D6C7-43A2-BEC5-80EED06EC608}.Release|Any CPU.ActiveCfg = Release|Any CPU
		{ECD7D3DC-D6C7-43A2-BEC5-80EED06EC608}.Release|Any CPU.Build.0 = Release|Any CPU
	EndGlobalSection
	GlobalSection(SolutionProperties) = preSolution
		HideSolutionNode = FALSE
	EndGlobalSection
	GlobalSection(ExtensibilityGlobals) = postSolution
		SolutionGuid = {40BE2EF3-E4D4-4BC1-820B-1691AE3300A7}
	EndGlobalSection
EndGlobal
